
Microsoft Visual Studio Solution File, Format Version 12.00
# Visual Studio 15
VisualStudioVersion = 15.0.27428.2037
MinimumVisualStudioVersion = 10.0.40219.1
Project("{FAE04EC0-301F-11D3-BF4B-00C04F79EFBC}") = "htmlViewer", "WindowsFormsApp3\htmlViewer.csproj", "{F46E8F5E-EBBF-4AEB-BD5A-E39509B8EAB4}"
EndProject
Global
	GlobalSection(SolutionConfigurationPlatforms) = preSolution
		Debug|Any CPU = Debug|Any CPU
		Release|Any CPU = Release|Any CPU
	EndGlobalSection
	GlobalSection(ProjectConfigurationPlatforms) = postSolution
		{F46E8F5E-EBBF-4AEB-BD5A-E39509B8EAB4}.Debug|Any CPU.ActiveCfg = Debug|Any CPU
		{F46E8F5E-EBBF-4AEB-BD5A-E39509B8EAB4}.Debug|Any CPU.Build.0 = Debug|Any CPU
		{F46E8F5E-EBBF-4AEB-BD5A-E39509B8EAB4}.Release|Any CPU.ActiveCfg = Release|Any CPU
		{F46E8F5E-EBBF-4AEB-BD5A-E39509B8EAB4}.Release|Any CPU.Build.0 = Release|Any CPU
	EndGlobalSection
	GlobalSection(SolutionProperties) = preSolution
		HideSolutionNode = FALSE
	EndGlobalSection
	GlobalSection(ExtensibilityGlobals) = postSolution
		SolutionGuid = {CD16D2D8-72DA-4DB4-812E-1E604E70CEEC}
	EndGlobalSection
EndGlobal
